
Microsoft Visual Studio Solution File, Format Version 12.00
# Visual Studio 14
VisualStudioVersion = 14.0.25420.1
MinimumVisualStudioVersion = 10.0.40219.1
Project("{FAE04EC0-301F-11D3-BF4B-00C04F79EFBC}") = "BinaryTree", "BinaryTree\BinaryTree.csproj", "{10C7DCF9-7BD5-4742-9D0C-BE1B8D5893E8}"
EndProject
Project("{FAE04EC0-301F-11D3-BF4B-00C04F79EFBC}") = "NonRecursiveBinaryTrees", "NonRecursiveBinaryTrees\NonRecursiveBinaryTrees.csproj", "{AF9C8319-317E-487B-A40C-F18F4CD28F02}"
EndProject
Global
	GlobalSection(SolutionConfigurationPlatforms) = preSolution
		Debug|Any CPU = Debug|Any CPU
		Release|Any CPU = Release|Any CPU
	EndGlobalSection
	GlobalSection(ProjectConfigurationPlatforms) = postSolution
		{10C7DCF9-7BD5-4742-9D0C-BE1B8D5893E8}.Debug|Any CPU.ActiveCfg = Debug|Any CPU
		{10C7DCF9-7BD5-4742-9D0C-BE1B8D5893E8}.Debug|Any CPU.Build.0 = Debug|Any CPU
		{10C7DCF9-7BD5-4742-9D0C-BE1B8D5893E8}.Release|Any CPU.ActiveCfg = Release|Any CPU
		{10C7DCF9-7BD5-4742-9D0C-BE1B8D5893E8}.Release|Any CPU.Build.0 = Release|Any CPU
		{AF9C8319-317E-487B-A40C-F18F4CD28F02}.Debug|Any CPU.ActiveCfg = Debug|Any CPU
		{AF9C8319-317E-487B-A40C-F18F4CD28F02}.Debug|Any CPU.Build.0 = Debug|Any CPU
		{AF9C8319-317E-487B-A40C-F18F4CD28F02}.Release|Any CPU.ActiveCfg = Release|Any CPU
		{AF9C8319-317E-487B-A40C-F18F4CD28F02}.Release|Any CPU.Build.0 = Release|Any CPU
	EndGlobalSection
	GlobalSection(SolutionProperties) = preSolution
		HideSolutionNode = FALSE
	EndGlobalSection
EndGlobal
